
Microsoft Visual Studio Solution File, Format Version 12.00
# Visual Studio Version 17
VisualStudioVersion = 17.1.32210.238
MinimumVisualStudioVersion = 10.0.40219.1
Project("{9A19103F-16F7-4668-BE54-9A1E7A4F7556}") = "Prezentex.Api", "Prezentex.Api\Prezentex.Api.csproj", "{F359DF96-9D1F-435C-B426-2EF69BCEEA11}"
EndProject
Project("{FAE04EC0-301F-11D3-BF4B-00C04F79EFBC}") = "Prezentex.UnitTests", "Prezentex.UnitTests\Prezentex.UnitTests\Prezentex.UnitTests.csproj", "{94DDFFDB-BB7D-4172-B6ED-AB610D0904ED}"
EndProject
Global
	GlobalSection(SolutionConfigurationPlatforms) = preSolution
		Debug|Any CPU = Debug|Any CPU
		Release|Any CPU = Release|Any CPU
	EndGlobalSection
	GlobalSection(ProjectConfigurationPlatforms) = postSolution
		{F359DF96-9D1F-435C-B426-2EF69BCEEA11}.Debug|Any CPU.ActiveCfg = Debug|Any CPU
		{F359DF96-9D1F-435C-B426-2EF69BCEEA11}.Debug|Any CPU.Build.0 = Debug|Any CPU
		{F359DF96-9D1F-435C-B426-2EF69BCEEA11}.Release|Any CPU.ActiveCfg = Release|Any CPU
		{F359DF96-9D1F-435C-B426-2EF69BCEEA11}.Release|Any CPU.Build.0 = Release|Any CPU
		{94DDFFDB-BB7D-4172-B6ED-AB610D0904ED}.Debug|Any CPU.ActiveCfg = Debug|Any CPU
		{94DDFFDB-BB7D-4172-B6ED-AB610D0904ED}.Debug|Any CPU.Build.0 = Debug|Any CPU
		{94DDFFDB-BB7D-4172-B6ED-AB610D0904ED}.Release|Any CPU.ActiveCfg = Release|Any CPU
		{94DDFFDB-BB7D-4172-B6ED-AB610D0904ED}.Release|Any CPU.Build.0 = Release|Any CPU
	EndGlobalSection
	GlobalSection(SolutionProperties) = preSolution
		HideSolutionNode = FALSE
	EndGlobalSection
	GlobalSection(ExtensibilityGlobals) = postSolution
		SolutionGuid = {E5674C85-B103-4B0B-941D-6E11AD4F7A8E}
	EndGlobalSection
EndGlobal
